
Microsoft Visual Studio Solution File, Format Version 12.00
# Visual Studio Version 16
VisualStudioVersion = 16.0.29613.14
MinimumVisualStudioVersion = 10.0.40219.1
Project("{FAE04EC0-301F-11D3-BF4B-00C04F79EFBC}") = "VendingMachine", "VendingMachine\VendingMachine.csproj", "{A94C9CF6-2AD0-4424-B025-959142091876}"
EndProject
Project("{FAE04EC0-301F-11D3-BF4B-00C04F79EFBC}") = "VendingBL", "VendingBL\VendingBL.csproj", "{7BC74A17-C01C-495B-99F0-7EAC9800048C}"
EndProject
Global
	GlobalSection(SolutionConfigurationPlatforms) = preSolution
		Debug|Any CPU = Debug|Any CPU
		Release|Any CPU = Release|Any CPU
	EndGlobalSection
	GlobalSection(ProjectConfigurationPlatforms) = postSolution
		{A94C9CF6-2AD0-4424-B025-959142091876}.Debug|Any CPU.ActiveCfg = Debug|Any CPU
		{A94C9CF6-2AD0-4424-B025-959142091876}.Debug|Any CPU.Build.0 = Debug|Any CPU
		{A94C9CF6-2AD0-4424-B025-959142091876}.Release|Any CPU.ActiveCfg = Release|Any CPU
		{A94C9CF6-2AD0-4424-B025-959142091876}.Release|Any CPU.Build.0 = Release|Any CPU
		{7BC74A17-C01C-495B-99F0-7EAC9800048C}.Debug|Any CPU.ActiveCfg = Debug|Any CPU
		{7BC74A17-C01C-495B-99F0-7EAC9800048C}.Debug|Any CPU.Build.0 = Debug|Any CPU
		{7BC74A17-C01C-495B-99F0-7EAC9800048C}.Release|Any CPU.ActiveCfg = Release|Any CPU
		{7BC74A17-C01C-495B-99F0-7EAC9800048C}.Release|Any CPU.Build.0 = Release|Any CPU
	EndGlobalSection
	GlobalSection(SolutionProperties) = preSolution
		HideSolutionNode = FALSE
	EndGlobalSection
	GlobalSection(ExtensibilityGlobals) = postSolution
		SolutionGuid = {092CA96D-683C-400A-9FFF-3F0AC6809BCF}
	EndGlobalSection
EndGlobal
